NeoBundleLock context_filetype.vim cd869f90a70c32d52757bb9a598d7805b3b185cb
NeoBundleLock lightline.vim 6034e639e871cb33a436508a6c6ccbe3e236de4c
NeoBundleLock neco-gh-issues d3d919a5ee5b802117732ad8b900597712c06443
NeoBundleLock neco-look 73407f0e8c8d7468549ce8ffbfabfc21aff03b3b
NeoBundleLock neco-syntax df0261f2ce689754b1d2de7cbb87977b7d5d4985
NeoBundleLock neocomplcache 778181767467b8f8016828898779a646074d883a
NeoBundleLock neocomplete 0dbc6e4594db2e7fdd4c71b93e67b51e26c9c258
NeoBundleLock neosnippet 9996520d6bf1aaee21f66b5eb561c9f0b306216c
NeoBundleLock neosnippet-snippets 2a9487bacb924d8e870612b6b0a2afb34deea0ae
NeoBundleLock nerdtree 45f4d61f04e7ef33360f7735931da9ea2ebc05e0
NeoBundleLock tcomment_vim dd8999ca3b5e252f604a0ec98f7f6ed697be792c
NeoBundleLock unite-colorscheme 505157450fe1a967c6c044d3bfe18d896e3d5d08
NeoBundleLock unite.vim 97e634117ff05d3c867d625940da5c7947cebf63
NeoBundleLock vim-autoclose a9a3b7384657bc1f60a963fd6c08c63fc48d61c3
NeoBundleLock vim-easy-align 3b395bd5bafbdfb1f93190fa3f259b7ad2e40eb9
NeoBundleLock vim-fugitive c640ee78a8aa007ad8e7080c21d428e893652903
NeoBundleLock vim-nerdtree-tabs 01ae3cdc7018fa33f140cce3e7cdf210c04ffbab
NeoBundleLock vim-railscasts-theme 826e17cc7a7fdc1aef16b9ddfaf271b51fc2e0a8
NeoBundleLock vimfiler 80369ec003d02923d0b8e121213bdc76d44b878b
NeoBundleLock vimproc 25cb83f24edec4aec1e9f1329302235e7a7a7fe0
NeoBundleLock vimshell.vim d0c5bef010237855b4de25863bc54895effe5d7a
